
Microsoft Visual Studio Solution File, Format Version 12.00
# Visual Studio Version 17
VisualStudioVersion = 17.14.36109.1
MinimumVisualStudioVersion = 10.0.40219.1
Project("{FAE04EC0-301F-11D3-BF4B-00C04F79EFBC}") = "ConsoleApp1", "ConsoleApp1\ConsoleApp1.csproj", "{0C156F1E-8701-40A1-ABE9-2E1F450AB622}"
EndProject
Project("{FAE04EC0-301F-11D3-BF4B-00C04F79EFBC}") = "mysql_test", "mysql_test\mysql_test.csproj", "{0DBE5825-95FA-4B5F-B37E-2861DA23A0EA}"
EndProject
Global
	GlobalSection(SolutionConfigurationPlatforms) = preSolution
		Debug|Any CPU = Debug|Any CPU
		Release|Any CPU = Release|Any CPU
	EndGlobalSection
	GlobalSection(ProjectConfigurationPlatforms) = postSolution
		{0C156F1E-8701-40A1-ABE9-2E1F450AB622}.Debug|Any CPU.ActiveCfg = Debug|Any CPU
		{0C156F1E-8701-40A1-ABE9-2E1F450AB622}.Debug|Any CPU.Build.0 = Debug|Any CPU
		{0C156F1E-8701-40A1-ABE9-2E1F450AB622}.Release|Any CPU.ActiveCfg = Release|Any CPU
		{0C156F1E-8701-40A1-ABE9-2E1F450AB622}.Release|Any CPU.Build.0 = Release|Any CPU
		{0DBE5825-95FA-4B5F-B37E-2861DA23A0EA}.Debug|Any CPU.ActiveCfg = Debug|Any CPU
		{0DBE5825-95FA-4B5F-B37E-2861DA23A0EA}.Debug|Any CPU.Build.0 = Debug|Any CPU
		{0DBE5825-95FA-4B5F-B37E-2861DA23A0EA}.Release|Any CPU.ActiveCfg = Release|Any CPU
		{0DBE5825-95FA-4B5F-B37E-2861DA23A0EA}.Release|Any CPU.Build.0 = Release|Any CPU
	EndGlobalSection
	GlobalSection(SolutionProperties) = preSolution
		HideSolutionNode = FALSE
	EndGlobalSection
	GlobalSection(ExtensibilityGlobals) = postSolution
		SolutionGuid = {FD6CDFD9-0E53-4993-87AA-B9C681E9FF5B}
	EndGlobalSection
EndGlobal
